
Microsoft Visual Studio Solution File, Format Version 12.00
# Visual Studio Version 16
VisualStudioVersion = 16.0.30907.101
MinimumVisualStudioVersion = 10.0.40219.1
Project("{FAE04EC0-301F-11D3-BF4B-00C04F79EFBC}") = "NewtLibs", "NewtLibs\NewtLibs.csproj", "{409C3094-A46B-4874-A197-B54AF018ADDD}"
EndProject
Global
	GlobalSection(SolutionConfigurationPlatforms) = preSolution
		Debug|Any CPU = Debug|Any CPU
		Release|Any CPU = Release|Any CPU
	EndGlobalSection
	GlobalSection(ProjectConfigurationPlatforms) = postSolution
		{409C3094-A46B-4874-A197-B54AF018ADDD}.Debug|Any CPU.ActiveCfg = Debug|Any CPU
		{409C3094-A46B-4874-A197-B54AF018ADDD}.Debug|Any CPU.Build.0 = Debug|Any CPU
		{409C3094-A46B-4874-A197-B54AF018ADDD}.Release|Any CPU.ActiveCfg = Release|Any CPU
		{409C3094-A46B-4874-A197-B54AF018ADDD}.Release|Any CPU.Build.0 = Release|Any CPU
	EndGlobalSection
	GlobalSection(SolutionProperties) = preSolution
		HideSolutionNode = FALSE
	EndGlobalSection
	GlobalSection(ExtensibilityGlobals) = postSolution
		SolutionGuid = {749F0BB2-B221-4063-A8BD-8A6642EB254F}
	EndGlobalSection
EndGlobal
